
Microsoft Visual Studio Solution File, Format Version 12.00
# Visual Studio Version 17
VisualStudioVersion = 17.14.36518.9 d17.14
MinimumVisualStudioVersion = 10.0.40219.1
Project("{FAE04EC0-301F-11D3-BF4B-00C04F79EFBC}") = "u24623131_HW3", "u24623131_HW3\u24623131_HW3.csproj", "{31E24CB5-DB94-4E09-9E87-8FBA55DC2F71}"
EndProject
Global
	GlobalSection(SolutionConfigurationPlatforms) = preSolution
		Debug|Any CPU = Debug|Any CPU
		Release|Any CPU = Release|Any CPU
	EndGlobalSection
	GlobalSection(ProjectConfigurationPlatforms) = postSolution
		{31E24CB5-DB94-4E09-9E87-8FBA55DC2F71}.Debug|Any CPU.ActiveCfg = Debug|Any CPU
		{31E24CB5-DB94-4E09-9E87-8FBA55DC2F71}.Debug|Any CPU.Build.0 = Debug|Any CPU
		{31E24CB5-DB94-4E09-9E87-8FBA55DC2F71}.Release|Any CPU.ActiveCfg = Release|Any CPU
		{31E24CB5-DB94-4E09-9E87-8FBA55DC2F71}.Release|Any CPU.Build.0 = Release|Any CPU
	EndGlobalSection
	GlobalSection(SolutionProperties) = preSolution
		HideSolutionNode = FALSE
	EndGlobalSection
	GlobalSection(ExtensibilityGlobals) = postSolution
		SolutionGuid = {DC08DB11-02FD-489D-8FC1-A4421BBE7B26}
	EndGlobalSection
EndGlobal
